
Microsoft Visual Studio Solution File, Format Version 12.00
# Visual Studio 15
VisualStudioVersion = 15.0.28307.757
MinimumVisualStudioVersion = 10.0.40219.1
Project("{FAE04EC0-301F-11D3-BF4B-00C04F79EFBC}") = "OpenTAP.TUI", "OpenTAP.TUI\OpenTAP.TUI.csproj", "{2B4BF908-F06E-4D0D-9067-FA9DE90C6909}"
EndProject
Global
	GlobalSection(SolutionConfigurationPlatforms) = preSolution
		Debug|Any CPU = Debug|Any CPU
		Release|Any CPU = Release|Any CPU
	EndGlobalSection
	GlobalSection(ProjectConfigurationPlatforms) = postSolution
		{2B4BF908-F06E-4D0D-9067-FA9DE90C6909}.Debug|Any CPU.ActiveCfg = Debug|Any CPU
		{2B4BF908-F06E-4D0D-9067-FA9DE90C6909}.Debug|Any CPU.Build.0 = Debug|Any CPU
		{2B4BF908-F06E-4D0D-9067-FA9DE90C6909}.Release|Any CPU.ActiveCfg = Release|Any CPU
		{2B4BF908-F06E-4D0D-9067-FA9DE90C6909}.Release|Any CPU.Build.0 = Release|Any CPU
	EndGlobalSection
	GlobalSection(SolutionProperties) = preSolution
		HideSolutionNode = FALSE
	EndGlobalSection
	GlobalSection(ExtensibilityGlobals) = postSolution
		SolutionGuid = {B9CCDF6C-25FF-4DAC-8DBA-74057516D6D2}
	EndGlobalSection
EndGlobal
