
Microsoft Visual Studio Solution File, Format Version 12.00
# Visual Studio 15
VisualStudioVersion = 15.0.28307.757
MinimumVisualStudioVersion = 10.0.40219.1
Project("{9A19103F-16F7-4668-BE54-9A1E7A4F7556}") = "OpenTAP.TUI", "OpenTAP.TUI\OpenTAP.TUI.csproj", "{2B4BF908-F06E-4D0D-9067-FA9DE90C6909}"
EndProject
Project("{9A19103F-16F7-4668-BE54-9A1E7A4F7556}") = "Terminal.Gui", "Terminal.Gui\Terminal.Gui.csproj", "{BE34F1C8-A000-4EDA-AA15-B631E800CEA0}"
EndProject
Global
	GlobalSection(SolutionConfigurationPlatforms) = preSolution
		Debug|Any CPU = Debug|Any CPU
		Release|Any CPU = Release|Any CPU
	EndGlobalSection
	GlobalSection(ProjectConfigurationPlatforms) = postSolution
		{2B4BF908-F06E-4D0D-9067-FA9DE90C6909}.Debug|Any CPU.ActiveCfg = Debug|Any CPU
		{2B4BF908-F06E-4D0D-9067-FA9DE90C6909}.Debug|Any CPU.Build.0 = Debug|Any CPU
		{2B4BF908-F06E-4D0D-9067-FA9DE90C6909}.Release|Any CPU.ActiveCfg = Release|Any CPU
		{2B4BF908-F06E-4D0D-9067-FA9DE90C6909}.Release|Any CPU.Build.0 = Release|Any CPU
		{BE34F1C8-A000-4EDA-AA15-B631E800CEA0}.Debug|Any CPU.ActiveCfg = Debug|Any CPU
		{BE34F1C8-A000-4EDA-AA15-B631E800CEA0}.Debug|Any CPU.Build.0 = Debug|Any CPU
		{BE34F1C8-A000-4EDA-AA15-B631E800CEA0}.Release|Any CPU.ActiveCfg = Release|Any CPU
		{BE34F1C8-A000-4EDA-AA15-B631E800CEA0}.Release|Any CPU.Build.0 = Release|Any CPU
	EndGlobalSection
	GlobalSection(SolutionProperties) = preSolution
		HideSolutionNode = FALSE
	EndGlobalSection
	GlobalSection(ExtensibilityGlobals) = postSolution
		SolutionGuid = {B9CCDF6C-25FF-4DAC-8DBA-74057516D6D2}
	EndGlobalSection
EndGlobal
